// !$*UTF8*$!
{
	archiveVersion = 1;
	classes = {
	};
	objectVersion = 46;
	objects = {

/* Begin PBXBuildFile section */
		D92FCEA41E320F690028EAE2 /* RemarksController.swift in Sources */ = {isa = PBXBuildFile; fileRef = D92FCEA31E320F690028EAE2 /* RemarksController.swift */; };
		D92FCEC51E34A5290028EAE2 /* SQLite.swift in Sources */ = {isa = PBXBuildFile; fileRef = D92FCEC41E34A5290028EAE2 /* SQLite.swift */; };
		D982481D1E45AEB400C88491 /* CalendarViewController.swift in Sources */ = {isa = PBXBuildFile; fileRef = D982481C1E45AEB400C88491 /* CalendarViewController.swift */; };
		D982481F1E45AF8A00C88491 /* WeekView.swift in Sources */ = {isa = PBXBuildFile; fileRef = D982481E1E45AF8A00C88491 /* WeekView.swift */; };
		D98248231E45B05700C88491 /* CalendarCell.swift in Sources */ = {isa = PBXBuildFile; fileRef = D98248211E45B05700C88491 /* CalendarCell.swift */; };
		D98248261E45BA7200C88491 /* EventManager.swift in Sources */ = {isa = PBXBuildFile; fileRef = D98248251E45BA7200C88491 /* EventManager.swift */; };
		D982482E1E4609AD00C88491 /* DateTool.swift in Sources */ = {isa = PBXBuildFile; fileRef = D982482D1E4609AD00C88491 /* DateTool.swift */; };
		D9DF47951E307C7900971C1E /* AppDelegate.swift in Sources */ = {isa = PBXBuildFile; fileRef = D9DF47941E307C7900971C1E /* AppDelegate.swift */; };
		D9DF47971E307C7900971C1E /* ViewController.swift in Sources */ = {isa = PBXBuildFile; fileRef = D9DF47961E307C7900971C1E /* ViewController.swift */; };
		D9DF479A1E307C7900971C1E /* Main.storyboard in Resources */ = {isa = PBXBuildFile; fileRef = D9DF47981E307C7900971C1E /* Main.storyboard */; };
		D9DF479C1E307C7900971C1E /* Assets.xcassets in Resources */ = {isa = PBXBuildFile; fileRef = D9DF479B1E307C7900971C1E /* Assets.xcassets */; };
		D9DF479F1E307C7900971C1E /* LaunchScreen.storyboard in Resources */ = {isa = PBXBuildFile; fileRef = D9DF479D1E307C7900971C1E /* LaunchScreen.storyboard */; };
		D9DF47A71E307DB300971C1E /* ColorfulButton.swift in Sources */ = {isa = PBXBuildFile; fileRef = D9DF47A61E307DB300971C1E /* ColorfulButton.swift */; };
		F668BCF47830150070D5EF83 /* Pods_ColorfulButton.framework in Frameworks */ = {isa = PBXBuildFile; fileRef = 73614058761DE5FFF11BC5D1 /* Pods_ColorfulButton.framework */; };
/* End PBXBuildFile section */

/* Begin PBXFileReference section */
		73614058761DE5FFF11BC5D1 /* Pods_ColorfulButton.framework */ = {isa = PBXFileReference; explicitFileType = wrapper.framework; includeInIndex = 0; path = Pods_ColorfulButton.framework; sourceTree = BUILT_PRODUCTS_DIR; };
		9E4C0E0ADA6A5D411373D0DE /* Pods-ColorfulButton.release.xcconfig */ = {isa = PBXFileReference; includeInIndex = 1; lastKnownFileType = text.xcconfig; name = "Pods-ColorfulButton.release.xcconfig"; path = "Pods/Target Support Files/Pods-ColorfulButton/Pods-ColorfulButton.release.xcconfig"; sourceTree = "<group>"; };
		BA01B64D620272A6D72D9267 /* Pods-ColorfulButton.debug.xcconfig */ = {isa = PBXFileReference; includeInIndex = 1; lastKnownFileType = text.xcconfig; name = "Pods-ColorfulButton.debug.xcconfig"; path = "Pods/Target Support Files/Pods-ColorfulButton/Pods-ColorfulButton.debug.xcconfig"; sourceTree = "<group>"; };
		D92FCEA31E320F690028EAE2 /* RemarksController.swift */ = {isa = PBXFileReference; fileEncoding = 4; lastKnownFileType = sourcecode.swift; path = RemarksController.swift; sourceTree = "<group>"; };
		D92FCEC31E34A4BF0028EAE2 /* Bridge.h */ = {isa = PBXFileReference; lastKnownFileType = sourcecode.c.h; path = Bridge.h; sourceTree = "<group>"; };
		D92FCEC41E34A5290028EAE2 /* SQLite.swift */ = {isa = PBXFileReference; fileEncoding = 4; lastKnownFileType = sourcecode.swift; path = SQLite.swift; sourceTree = "<group>"; };
		D982481C1E45AEB400C88491 /* CalendarViewController.swift */ = {isa = PBXFileReference; fileEncoding = 4; lastKnownFileType = sourcecode.swift; name = CalendarViewController.swift; path = ColorfulButton/CalendarViewController.swift; sourceTree = SOURCE_ROOT; };
		D982481E1E45AF8A00C88491 /* WeekView.swift */ = {isa = PBXFileReference; fileEncoding = 4; lastKnownFileType = sourcecode.swift; name = WeekView.swift; path = ../WeekView.swift; sourceTree = "<group>"; };
		D98248211E45B05700C88491 /* CalendarCell.swift */ = {isa = PBXFileReference; fileEncoding = 4; lastKnownFileType = sourcecode.swift; path = CalendarCell.swift; sourceTree = "<group>"; };
		D98248251E45BA7200C88491 /* EventManager.swift */ = {isa = PBXFileReference; fileEncoding = 4; lastKnownFileType = sourcecode.swift; path = EventManager.swift; sourceTree = "<group>"; };
		D982482D1E4609AD00C88491 /* DateTool.swift */ = {isa = PBXFileReference; fileEncoding = 4; lastKnownFileType = sourcecode.swift; path = DateTool.swift; sourceTree = "<group>"; };
		D9DF47911E307C7900971C1E /* ColorfulButton.app */ = {isa = PBXFileReference; explicitFileType = wrapper.application; includeInIndex = 0; path = ColorfulButton.app; sourceTree = BUILT_PRODUCTS_DIR; };
		D9DF47941E307C7900971C1E /* AppDelegate.swift */ = {isa = PBXFileReference; lastKnownFileType = sourcecode.swift; path = AppDelegate.swift; sourceTree = "<group>"; };
		D9DF47961E307C7900971C1E /* ViewController.swift */ = {isa = PBXFileReference; lastKnownFileType = sourcecode.swift; path = ViewController.swift; sourceTree = "<group>"; };
		D9DF47991E307C7900971C1E /* Base */ = {isa = PBXFileReference; lastKnownFileType = file.storyboard; name = Base; path = Base.lproj/Main.storyboard; sourceTree = "<group>"; };
		D9DF479B1E307C7900971C1E /* Assets.xcassets */ = {isa = PBXFileReference; lastKnownFileType = folder.assetcatalog; path = Assets.xcassets; sourceTree = "<group>"; };
		D9DF479E1E307C7900971C1E /* Base */ = {isa = PBXFileReference; lastKnownFileType = file.storyboard; name = Base; path = Base.lproj/LaunchScreen.storyboard; sourceTree = "<group>"; };
		D9DF47A01E307C7900971C1E /* Info.plist */ = {isa = PBXFileReference; lastKnownFileType = text.plist.xml; path = Info.plist; sourceTree = "<group>"; };
		D9DF47A61E307DB300971C1E /* ColorfulButton.swift */ = {isa = PBXFileReference; fileEncoding = 4; lastKnownFileType = sourcecode.swift; path = ColorfulButton.swift; sourceTree = "<group>"; };
/* End PBXFileReference section */

/* Begin PBXFrameworksBuildPhase section */
		D9DF478E1E307C7900971C1E /* Frameworks */ = {
			isa = PBXFrameworksBuildPhase;
			buildActionMask = 2147483647;
			files = (
				F668BCF47830150070D5EF83 /* Pods_ColorfulButton.framework in Frameworks */,
			);
			runOnlyForDeploymentPostprocessing = 0;
		};
/* End PBXFrameworksBuildPhase section */

/* Begin PBXGroup section */
		5BB6FE4E6245F0AA45A6B4AD /* Frameworks */ = {
			isa = PBXGroup;
			children = (
				73614058761DE5FFF11BC5D1 /* Pods_ColorfulButton.framework */,
			);
			name = Frameworks;
			sourceTree = "<group>";
		};
		8921D3237E461261BDA0A6AB /* Pods */ = {
			isa = PBXGroup;
			children = (
				BA01B64D620272A6D72D9267 /* Pods-ColorfulButton.debug.xcconfig */,
				9E4C0E0ADA6A5D411373D0DE /* Pods-ColorfulButton.release.xcconfig */,
			);
			name = Pods;
			sourceTree = "<group>";
		};
		D98248201E45B03800C88491 /* Calendar */ = {
			isa = PBXGroup;
			children = (
				D982481C1E45AEB400C88491 /* CalendarViewController.swift */,
				D982481E1E45AF8A00C88491 /* WeekView.swift */,
				D98248211E45B05700C88491 /* CalendarCell.swift */,
				D98248251E45BA7200C88491 /* EventManager.swift */,
				D982482D1E4609AD00C88491 /* DateTool.swift */,
			);
			path = Calendar;
			sourceTree = "<group>";
		};
		D9DF47881E307C7900971C1E = {
			isa = PBXGroup;
			children = (
				D9DF47931E307C7900971C1E /* ColorfulButton */,
				D9DF47921E307C7900971C1E /* Products */,
				8921D3237E461261BDA0A6AB /* Pods */,
				5BB6FE4E6245F0AA45A6B4AD /* Frameworks */,
			);
			sourceTree = "<group>";
		};
		D9DF47921E307C7900971C1E /* Products */ = {
			isa = PBXGroup;
			children = (
				D9DF47911E307C7900971C1E /* ColorfulButton.app */,
			);
			name = Products;
			sourceTree = "<group>";
		};
		D9DF47931E307C7900971C1E /* ColorfulButton */ = {
			isa = PBXGroup;
			children = (
				D9DF47941E307C7900971C1E /* AppDelegate.swift */,
				D9DF47961E307C7900971C1E /* ViewController.swift */,
				D9DF47A61E307DB300971C1E /* ColorfulButton.swift */,
				D92FCEA31E320F690028EAE2 /* RemarksController.swift */,
				D9DF47981E307C7900971C1E /* Main.storyboard */,
				D98248201E45B03800C88491 /* Calendar */,
				D9DF479B1E307C7900971C1E /* Assets.xcassets */,
				D9DF479D1E307C7900971C1E /* LaunchScreen.storyboard */,
				D9DF47A01E307C7900971C1E /* Info.plist */,
				D92FCEC41E34A5290028EAE2 /* SQLite.swift */,
				D92FCEC31E34A4BF0028EAE2 /* Bridge.h */,
			);
			path = ColorfulButton;
			sourceTree = "<group>";
		};
/* End PBXGroup section */

/* Begin PBXNativeTarget section */
		D9DF47901E307C7900971C1E /* ColorfulButton */ = {
			isa = PBXNativeTarget;
			buildConfigurationList = D9DF47A31E307C7900971C1E /* Build configuration list for PBXNativeTarget "ColorfulButton" */;
			buildPhases = (
				1C93B54913FDF20C6EDCB16A /* [CP] Check Pods Manifest.lock */,
				D9DF478D1E307C7900971C1E /* Sources */,
				D9DF478E1E307C7900971C1E /* Frameworks */,
				D9DF478F1E307C7900971C1E /* Resources */,
				7D37CC09410530C3EF4A454D /* [CP] Embed Pods Frameworks */,
				C9404300A57E6C5E2E35EC12 /* [CP] Copy Pods Resources */,
			);
			buildRules = (
			);
			dependencies = (
			);
			name = ColorfulButton;
			productName = ColorfulButton;
			productReference = D9DF47911E307C7900971C1E /* ColorfulButton.app */;
			productType = "com.apple.product-type.application";
		};
/* End PBXNativeTarget section */

/* Begin PBXProject section */
		D9DF47891E307C7900971C1E /* Project object */ = {
			isa = PBXProject;
			attributes = {
				LastSwiftUpdateCheck = 0820;
				LastUpgradeCheck = 0820;
				ORGANIZATIONNAME = "zhi zhou";
				TargetAttributes = {
					D9DF47901E307C7900971C1E = {
						CreatedOnToolsVersion = 8.2.1;
						DevelopmentTeam = 4UH48N8U4B;
						ProvisioningStyle = Automatic;
					};
				};
			};
			buildConfigurationList = D9DF478C1E307C7900971C1E /* Build configuration list for PBXProject "ColorfulButton" */;
			compatibilityVersion = "Xcode 3.2";
			developmentRegion = English;
			hasScannedForEncodings = 0;
			knownRegions = (
				en,
				Base,
			);
			mainGroup = D9DF47881E307C7900971C1E;
			productRefGroup = D9DF47921E307C7900971C1E /* Products */;
			projectDirPath = "";
			projectRoot = "";
			targets = (
				D9DF47901E307C7900971C1E /* ColorfulButton */,
			);
		};
/* End PBXProject section */

/* Begin PBXResourcesBuildPhase section */
		D9DF478F1E307C7900971C1E /* Resources */ = {
			isa = PBXResourcesBuildPhase;
			buildActionMask = 2147483647;
			files = (
				D9DF479F1E307C7900971C1E /* LaunchScreen.storyboard in Resources */,
				D9DF479C1E307C7900971C1E /* Assets.xcassets in Resources */,
				D9DF479A1E307C7900971C1E /* Main.storyboard in Resources */,
			);
			runOnlyForDeploymentPostprocessing = 0;
		};
/* End PBXResourcesBuildPhase section */

/* Begin PBXShellScriptBuildPhase section */
		1C93B54913FDF20C6EDCB16A /* [CP] Check Pods Manifest.lock */ = {
			isa = PBXShellScriptBuildPhase;
			buildActionMask = 2147483647;
			files = (
			);
			inputPaths = (
			);
			name = "[CP] Check Pods Manifest.lock";
			outputPaths = (
			);
			runOnlyForDeploymentPostprocessing = 0;
			shellPath = /bin/sh;
			shellScript = "diff \"${PODS_ROOT}/../Podfile.lock\" \"${PODS_ROOT}/Manifest.lock\" > /dev/null\nif [ $? != 0 ] ; then\n    # print error to STDERR\n    echo \"error: The sandbox is not in sync with the Podfile.lock. Run 'pod install' or update your CocoaPods installation.\" >&2\n    exit 1\nfi\n";
			showEnvVarsInLog = 0;
		};
		7D37CC09410530C3EF4A454D /* [CP] Embed Pods Frameworks */ = {
			isa = PBXShellScriptBuildPhase;
			buildActionMask = 2147483647;
			files = (
			);
			inputPaths = (
			);
			name = "[CP] Embed Pods Frameworks";
			outputPaths = (
			);
			runOnlyForDeploymentPostprocessing = 0;
			shellPath = /bin/sh;
			shellScript = "\"${SRCROOT}/Pods/Target Support Files/Pods-ColorfulButton/Pods-ColorfulButton-frameworks.sh\"\n";
			showEnvVarsInLog = 0;
		};
		C9404300A57E6C5E2E35EC12 /* [CP] Copy Pods Resources */ = {
			isa = PBXShellScriptBuildPhase;
			buildActionMask = 2147483647;
			files = (
			);
			inputPaths = (
			);
			name = "[CP] Copy Pods Resources";
			outputPaths = (
			);
			runOnlyForDeploymentPostprocessing = 0;
			shellPath = /bin/sh;
			shellScript = "\"${SRCROOT}/Pods/Target Support Files/Pods-ColorfulButton/Pods-ColorfulButton-resources.sh\"\n";
			showEnvVarsInLog = 0;
		};
/* End PBXShellScriptBuildPhase section */

/* Begin PBXSourcesBuildPhase section */
		D9DF478D1E307C7900971C1E /* Sources */ = {
			isa = PBXSourcesBuildPhase;
			buildActionMask = 2147483647;
			files = (
				D98248261E45BA7200C88491 /* EventManager.swift in Sources */,
				D982482E1E4609AD00C88491 /* DateTool.swift in Sources */,
				D982481D1E45AEB400C88491 /* CalendarViewController.swift in Sources */,
				D9DF47A71E307DB300971C1E /* ColorfulButton.swift in Sources */,
				D92FCEC51E34A5290028EAE2 /* SQLite.swift in Sources */,
				D982481F1E45AF8A00C88491 /* WeekView.swift in Sources */,
				D9DF47971E307C7900971C1E /* ViewController.swift in Sources */,
				D9DF47951E307C7900971C1E /* AppDelegate.swift in Sources */,
				D92FCEA41E320F690028EAE2 /* RemarksController.swift in Sources */,
				D98248231E45B05700C88491 /* CalendarCell.swift in Sources */,
			);
			runOnlyForDeploymentPostprocessing = 0;
		};
/* End PBXSourcesBuildPhase section */

/* Begin PBXVariantGroup section */
		D9DF47981E307C7900971C1E /* Main.storyboard */ = {
			isa = PBXVariantGroup;
			children = (
				D9DF47991E307C7900971C1E /* Base */,
			);
			name = Main.storyboard;
			sourceTree = "<group>";
		};
		D9DF479D1E307C7900971C1E /* LaunchScreen.storyboard */ = {
			isa = PBXVariantGroup;
			children = (
				D9DF479E1E307C7900971C1E /* Base */,
			);
			name = LaunchScreen.storyboard;
			sourceTree = "<group>";
		};
/* End PBXVariantGroup section */

/* Begin XCBuildConfiguration section */
		D9DF47A11E307C7900971C1E /* Debug */ = {
			isa = XCBuildConfiguration;
			buildSettings = {
				ALWAYS_SEARCH_USER_PATHS = NO;
				CLANG_ANALYZER_NONNULL = YES;
				CLANG_CXX_LANGUAGE_STANDARD = "gnu++0x";
				CLANG_CXX_LIBRARY = "libc++";
				CLANG_ENABLE_MODULES = YES;
				CLANG_ENABLE_OBJC_ARC = YES;
				CLANG_WARN_BOOL_CONVERSION = YES;
				CLANG_WARN_CONSTANT_CONVERSION = YES;
				CLANG_WARN_DIRECT_OBJC_ISA_USAGE = YES_ERROR;
				CLANG_WARN_DOCUMENTATION_COMMENTS = YES;
				CLANG_WARN_EMPTY_BODY = YES;
				CLANG_WARN_ENUM_CONVERSION = YES;
				CLANG_WARN_INFINITE_RECURSION = YES;
				CLANG_WARN_INT_CONVERSION = YES;
				CLANG_WARN_OBJC_ROOT_CLASS = YES_ERROR;
				CLANG_WARN_SUSPICIOUS_MOVE = YES;
				CLANG_WARN_UNREACHABLE_CODE = YES;
				CLANG_WARN__DUPLICATE_METHOD_MATCH = YES;
				"CODE_SIGN_IDENTITY[sdk=iphoneos*]" = "iPhone Developer";
				COPY_PHASE_STRIP = NO;
				DEBUG_INFORMATION_FORMAT = dwarf;
				ENABLE_STRICT_OBJC_MSGSEND = YES;
				ENABLE_TESTABILITY = YES;
				GCC_C_LANGUAGE_STANDARD = gnu99;
				GCC_DYNAMIC_NO_PIC = NO;
				GCC_NO_COMMON_BLOCKS = YES;
				GCC_OPTIMIZATION_LEVEL = 0;
				GCC_PREPROCESSOR_DEFINITIONS = (
					"DEBUG=1",
					"$(inherited)",
				);
				GCC_WARN_64_TO_32_BIT_CONVERSION = YES;
				GCC_WARN_ABOUT_RETURN_TYPE = YES_ERROR;
				GCC_WARN_UNDECLARED_SELECTOR = YES;
				GCC_WARN_UNINITIALIZED_AUTOS = YES_AGGRESSIVE;
				GCC_WARN_UNUSED_FUNCTION = YES;
				GCC_WARN_UNUSED_VARIABLE = YES;
				IPHONEOS_DEPLOYMENT_TARGET = 10.2;
				MTL_ENABLE_DEBUG_INFO = YES;
				ONLY_ACTIVE_ARCH = YES;
				SDKROOT = iphoneos;
				SWIFT_ACTIVE_COMPILATION_CONDITIONS = DEBUG;
				SWIFT_OPTIMIZATION_LEVEL = "-Onone";
			};
			name = Debug;
		};
		D9DF47A21E307C7900971C1E /* Release */ = {
			isa = XCBuildConfiguration;
			buildSettings = {
				ALWAYS_SEARCH_USER_PATHS = NO;
				CLANG_ANALYZER_NONNULL = YES;
				CLANG_CXX_LANGUAGE_STANDARD = "gnu++0x";
				CLANG_CXX_LIBRARY = "libc++";
				CLANG_ENABLE_MODULES = YES;
				CLANG_ENABLE_OBJC_ARC = YES;
				CLANG_WARN_BOOL_CONVERSION = YES;
				CLANG_WARN_CONSTANT_CONVERSION = YES;
				CLANG_WARN_DIRECT_OBJC_ISA_USAGE = YES_ERROR;
				CLANG_WARN_DOCUMENTATION_COMMENTS = YES;
				CLANG_WARN_EMPTY_BODY = YES;
				CLANG_WARN_ENUM_CONVERSION = YES;
				CLANG_WARN_INFINITE_RECURSION = YES;
				CLANG_WARN_INT_CONVERSION = YES;
				CLANG_WARN_OBJC_ROOT_CLASS = YES_ERROR;
				CLANG_WARN_SUSPICIOUS_MOVE = YES;
				CLANG_WARN_UNREACHABLE_CODE = YES;
				CLANG_WARN__DUPLICATE_METHOD_MATCH = YES;
				"CODE_SIGN_IDENTITY[sdk=iphoneos*]" = "iPhone Developer";
				COPY_PHASE_STRIP = NO;
				DEBUG_INFORMATION_FORMAT = "dwarf-with-dsym";
				ENABLE_NS_ASSERTIONS = NO;
				ENABLE_STRICT_OBJC_MSGSEND = YES;
				GCC_C_LANGUAGE_STANDARD = gnu99;
				GCC_NO_COMMON_BLOCKS = YES;
				GCC_WARN_64_TO_32_BIT_CONVERSION = YES;
				GCC_WARN_ABOUT_RETURN_TYPE = YES_ERROR;
				GCC_WARN_UNDECLARED_SELECTOR = YES;
				GCC_WARN_UNINITIALIZED_AUTOS = YES_AGGRESSIVE;
				GCC_WARN_UNUSED_FUNCTION = YES;
				GCC_WARN_UNUSED_VARIABLE = YES;
				IPHONEOS_DEPLOYMENT_TARGET = 10.2;
				MTL_ENABLE_DEBUG_INFO = NO;
				SDKROOT = iphoneos;
				SWIFT_OPTIMIZATION_LEVEL = "-Owholemodule";
				VALIDATE_PRODUCT = YES;
			};
			name = Release;
		};
		D9DF47A41E307C7900971C1E /* Debug */ = {
			isa = XCBuildConfiguration;
			baseConfigurationReference = BA01B64D620272A6D72D9267 /* Pods-ColorfulButton.debug.xcconfig */;
			buildSettings = {
				ASSETCATALOG_COMPILER_APPICON_NAME = AppIcon;
				DEVELOPMENT_TEAM = 4UH48N8U4B;
				INFOPLIST_FILE = ColorfulButton/Info.plist;
				LD_RUNPATH_SEARCH_PATHS = "$(inherited) @executable_path/Frameworks";
				PRODUCT_BUNDLE_IDENTIFIER = com.zhi.ColorfulButton;
				PRODUCT_NAME = "$(TARGET_NAME)";
				SWIFT_OBJC_BRIDGING_HEADER = ColorfulButton/Bridge.h;
				SWIFT_VERSION = 3.0;
			};
			name = Debug;
		};
		D9DF47A51E307C7900971C1E /* Release */ = {
			isa = XCBuildConfiguration;
			baseConfigurationReference = 9E4C0E0ADA6A5D411373D0DE /* Pods-ColorfulButton.release.xcconfig */;
			buildSettings = {
				ASSETCATALOG_COMPILER_APPICON_NAME = AppIcon;
				DEVELOPMENT_TEAM = 4UH48N8U4B;
				INFOPLIST_FILE = ColorfulButton/Info.plist;
				LD_RUNPATH_SEARCH_PATHS = "$(inherited) @executable_path/Frameworks";
				PRODUCT_BUNDLE_IDENTIFIER = com.zhi.ColorfulButton;
				PRODUCT_NAME = "$(TARGET_NAME)";
				SWIFT_OBJC_BRIDGING_HEADER = ColorfulButton/Bridge.h;
				SWIFT_VERSION = 3.0;
			};
			name = Release;
		};
/* End XCBuildConfiguration section */

/* Begin XCConfigurationList section */
		D9DF478C1E307C7900971C1E /* Build configuration list for PBXProject "ColorfulButton" */ = {
			isa = XCConfigurationList;
			buildConfigurations = (
				D9DF47A11E307C7900971C1E /* Debug */,
				D9DF47A21E307C7900971C1E /* Release */,
			);
			defaultConfigurationIsVisible = 0;
			defaultConfigurationName = Release;
		};
		D9DF47A31E307C7900971C1E /* Build configuration list for PBXNativeTarget "ColorfulButton" */ = {
			isa = XCConfigurationList;
			buildConfigurations = (
				D9DF47A41E307C7900971C1E /* Debug */,
				D9DF47A51E307C7900971C1E /* Release */,
			);
			defaultConfigurationIsVisible = 0;
			defaultConfigurationName = Release;
		};
/* End XCConfigurationList section */
	};
	rootObject = D9DF47891E307C7900971C1E /* Project object */;
}
